
Microsoft Visual Studio Solution File, Format Version 12.00
# Visual Studio Version 16
VisualStudioVersion = 16.0.29306.81
MinimumVisualStudioVersion = 10.0.40219.1
Project("{FAE04EC0-301F-11D3-BF4B-00C04F79EFBC}") = "VindictiveRage", "VindictiveRage\VindictiveRage.csproj", "{B8048DE0-CE4B-4E80-8E6C-9C384950FAA5}"
EndProject
Global
	GlobalSection(SolutionConfigurationPlatforms) = preSolution
		Debug|Any CPU = Debug|Any CPU
		Release|Any CPU = Release|Any CPU
	EndGlobalSection
	GlobalSection(ProjectConfigurationPlatforms) = postSolution
		{B8048DE0-CE4B-4E80-8E6C-9C384950FAA5}.Debug|Any CPU.ActiveCfg = Debug|Any CPU
		{B8048DE0-CE4B-4E80-8E6C-9C384950FAA5}.Debug|Any CPU.Build.0 = Debug|Any CPU
		{B8048DE0-CE4B-4E80-8E6C-9C384950FAA5}.Release|Any CPU.ActiveCfg = Release|Any CPU
		{B8048DE0-CE4B-4E80-8E6C-9C384950FAA5}.Release|Any CPU.Build.0 = Release|Any CPU
	EndGlobalSection
	GlobalSection(SolutionProperties) = preSolution
		HideSolutionNode = FALSE
	EndGlobalSection
	GlobalSection(ExtensibilityGlobals) = postSolution
		SolutionGuid = {1809923B-3D1A-4552-954A-DF35DE00EBC5}
	EndGlobalSection
EndGlobal
